// !$*UTF8*$!
{
	archiveVersion = 1;
	classes = {
	};
	objectVersion = 56;
	objects = {

/* Begin PBXBuildFile section */
		DB175CAE295DFC2E00A5539B /* ErrorResponse.swift in Sources */ = {isa = PBXBuildFile; fileRef = DB175CAD295DFC2E00A5539B /* ErrorResponse.swift */; };
		DB175CB0295DFDA600A5539B /* NetworkCache.swift in Sources */ = {isa = PBXBuildFile; fileRef = DB175CAF295DFDA600A5539B /* NetworkCache.swift */; };
		DB175CB2295DFFBB00A5539B /* ResponseErrorHelper.swift in Sources */ = {isa = PBXBuildFile; fileRef = DB175CB1295DFFBB00A5539B /* ResponseErrorHelper.swift */; };
		DB175CB4295E01A600A5539B /* LocalizedStrings.swift in Sources */ = {isa = PBXBuildFile; fileRef = DB175CB3295E01A600A5539B /* LocalizedStrings.swift */; };
		DB175CB6295E073100A5539B /* Localizable.strings in Resources */ = {isa = PBXBuildFile; fileRef = DB175CB5295E073100A5539B /* Localizable.strings */; };
		DB175CB9295E219200A5539B /* CharactersViewModel.swift in Sources */ = {isa = PBXBuildFile; fileRef = DB175CB8295E219200A5539B /* CharactersViewModel.swift */; };
		DB175CBC295E22C700A5539B /* CharacterCell.swift in Sources */ = {isa = PBXBuildFile; fileRef = DB175CBB295E22C700A5539B /* CharacterCell.swift */; };
		DB18B71D295CBBEF00EE315D /* AppDelegate.swift in Sources */ = {isa = PBXBuildFile; fileRef = DB18B71C295CBBEF00EE315D /* AppDelegate.swift */; };
		DB18B71F295CBBEF00EE315D /* SceneDelegate.swift in Sources */ = {isa = PBXBuildFile; fileRef = DB18B71E295CBBEF00EE315D /* SceneDelegate.swift */; };
		DB18B726295CBBF000EE315D /* Assets.xcassets in Resources */ = {isa = PBXBuildFile; fileRef = DB18B725295CBBF000EE315D /* Assets.xcassets */; };
		DB18B729295CBBF000EE315D /* LaunchScreen.storyboard in Resources */ = {isa = PBXBuildFile; fileRef = DB18B727295CBBF000EE315D /* LaunchScreen.storyboard */; };
		DB18B734295CBBF100EE315D /* MainCoordinatorTests.swift in Sources */ = {isa = PBXBuildFile; fileRef = DB18B733295CBBF100EE315D /* MainCoordinatorTests.swift */; };
		DB18B74D295CBCFE00EE315D /* Coordinator.swift in Sources */ = {isa = PBXBuildFile; fileRef = DB18B74C295CBCFE00EE315D /* Coordinator.swift */; };
		DB18B74F295CBD6C00EE315D /* CharactersListView.swift in Sources */ = {isa = PBXBuildFile; fileRef = DB18B74E295CBD6C00EE315D /* CharactersListView.swift */; };
		DB18B753295CCE5600EE315D /* NetworkService.swift in Sources */ = {isa = PBXBuildFile; fileRef = DB18B752295CCE5600EE315D /* NetworkService.swift */; };
		DB18B756295CCE8000EE315D /* NetworkProvider.swift in Sources */ = {isa = PBXBuildFile; fileRef = DB18B755295CCE8000EE315D /* NetworkProvider.swift */; };
		DB18B758295CCFCA00EE315D /* CharactersResponse.swift in Sources */ = {isa = PBXBuildFile; fileRef = DB18B757295CCFCA00EE315D /* CharactersResponse.swift */; };
		DB18B75D295CD07E00EE315D /* InfoResponse.swift in Sources */ = {isa = PBXBuildFile; fileRef = DB18B75C295CD07E00EE315D /* InfoResponse.swift */; };
		DB18B75F295CD08900EE315D /* CharacterResponse.swift in Sources */ = {isa = PBXBuildFile; fileRef = DB18B75E295CD08900EE315D /* CharacterResponse.swift */; };
		DB18B761295CD3F500EE315D /* Request.swift in Sources */ = {isa = PBXBuildFile; fileRef = DB18B760295CD3F500EE315D /* Request.swift */; };
		DB18B763295CD41600EE315D /* Endpoint.swift in Sources */ = {isa = PBXBuildFile; fileRef = DB18B762295CD41600EE315D /* Endpoint.swift */; };
		DB18B765295CD43800EE315D /* Constants.swift in Sources */ = {isa = PBXBuildFile; fileRef = DB18B764295CD43800EE315D /* Constants.swift */; };
		DB7E5F1F295DBC1C00309A2C /* CharactersLoader.swift in Sources */ = {isa = PBXBuildFile; fileRef = DB7E5F1E295DBC1C00309A2C /* CharactersLoader.swift */; };
		DB87BDD12960525F00D8103A /* Character.swift in Sources */ = {isa = PBXBuildFile; fileRef = DB87BDD02960525F00D8103A /* Character.swift */; };
		DB87BDD3296088F800D8103A /* AlertMessageInfo.swift in Sources */ = {isa = PBXBuildFile; fileRef = DB87BDD2296088F800D8103A /* AlertMessageInfo.swift */; };
		DB87BDD62960893B00D8103A /* AlertViewModifier.swift in Sources */ = {isa = PBXBuildFile; fileRef = DB87BDD52960893B00D8103A /* AlertViewModifier.swift */; };
		DB87BDD82960967F00D8103A /* ResponseErrorHelperTests.swift in Sources */ = {isa = PBXBuildFile; fileRef = DB87BDD72960967F00D8103A /* ResponseErrorHelperTests.swift */; };
		DB87BDDA2960986D00D8103A /* ErrorInfoResponse.swift in Sources */ = {isa = PBXBuildFile; fileRef = DB87BDD92960986D00D8103A /* ErrorInfoResponse.swift */; };
		DB87BDDD29609BAC00D8103A /* CharactersQueryResponse.swift in Sources */ = {isa = PBXBuildFile; fileRef = DB87BDDC29609BAC00D8103A /* CharactersQueryResponse.swift */; };
		DB87BDDF29609C0100D8103A /* QueryDataResponse.swift in Sources */ = {isa = PBXBuildFile; fileRef = DB87BDDE29609C0100D8103A /* QueryDataResponse.swift */; };
		DB87BDE32960A2FE00D8103A /* QueryRequest.swift in Sources */ = {isa = PBXBuildFile; fileRef = DB87BDE22960A2FE00D8103A /* QueryRequest.swift */; };
		DB87BDE62960A4CD00D8103A /* GraphQLRequest.swift in Sources */ = {isa = PBXBuildFile; fileRef = DB87BDE52960A4CD00D8103A /* GraphQLRequest.swift */; };
		DB87BDE82960B53A00D8103A /* EndpointTests.swift in Sources */ = {isa = PBXBuildFile; fileRef = DB87BDE72960B53A00D8103A /* EndpointTests.swift */; };
		DB87BDED2960B8F900D8103A /* ContentLoadingView.swift in Sources */ = {isa = PBXBuildFile; fileRef = DB87BDEC2960B8F900D8103A /* ContentLoadingView.swift */; };
		DB87BDF02960B96200D8103A /* ListProgressView.swift in Sources */ = {isa = PBXBuildFile; fileRef = DB87BDEF2960B96200D8103A /* ListProgressView.swift */; };
		DB87BDF22960B98800D8103A /* NoContentInfoView.swift in Sources */ = {isa = PBXBuildFile; fileRef = DB87BDF12960B98800D8103A /* NoContentInfoView.swift */; };
		DB87BDF42960BB4500D8103A /* ContentLoadableView.swift in Sources */ = {isa = PBXBuildFile; fileRef = DB87BDF32960BB4500D8103A /* ContentLoadableView.swift */; };
		DB87BDF92960C66D00D8103A /* NavigationControllerMaker.swift in Sources */ = {isa = PBXBuildFile; fileRef = DB87BDF82960C66D00D8103A /* NavigationControllerMaker.swift */; };
/* End PBXBuildFile section */

/* Begin PBXContainerItemProxy section */
		DB18B730295CBBF100EE315D /* PBXContainerItemProxy */ = {
			isa = PBXContainerItemProxy;
			containerPortal = DB18B711295CBBEF00EE315D /* Project object */;
			proxyType = 1;
			remoteGlobalIDString = DB18B718295CBBEF00EE315D;
			remoteInfo = RMShowcase;
		};
/* End PBXContainerItemProxy section */

/* Begin PBXFileReference section */
		DB175CAD295DFC2E00A5539B /* ErrorResponse.swift */ = {isa = PBXFileReference; lastKnownFileType = sourcecode.swift; path = ErrorResponse.swift; sourceTree = "<group>"; };
		DB175CAF295DFDA600A5539B /* NetworkCache.swift */ = {isa = PBXFileReference; lastKnownFileType = sourcecode.swift; path = NetworkCache.swift; sourceTree = "<group>"; };
		DB175CB1295DFFBB00A5539B /* ResponseErrorHelper.swift */ = {isa = PBXFileReference; lastKnownFileType = sourcecode.swift; path = ResponseErrorHelper.swift; sourceTree = "<group>"; };
		DB175CB3295E01A600A5539B /* LocalizedStrings.swift */ = {isa = PBXFileReference; lastKnownFileType = sourcecode.swift; path = LocalizedStrings.swift; sourceTree = "<group>"; };
		DB175CB5295E073100A5539B /* Localizable.strings */ = {isa = PBXFileReference; lastKnownFileType = text.plist.strings; path = Localizable.strings; sourceTree = "<group>"; };
		DB175CB8295E219200A5539B /* CharactersViewModel.swift */ = {isa = PBXFileReference; lastKnownFileType = sourcecode.swift; path = CharactersViewModel.swift; sourceTree = "<group>"; };
		DB175CBB295E22C700A5539B /* CharacterCell.swift */ = {isa = PBXFileReference; lastKnownFileType = sourcecode.swift; path = CharacterCell.swift; sourceTree = "<group>"; };
		DB18B719295CBBEF00EE315D /* RMShowcase.app */ = {isa = PBXFileReference; explicitFileType = wrapper.application; includeInIndex = 0; path = RMShowcase.app; sourceTree = BUILT_PRODUCTS_DIR; };
		DB18B71C295CBBEF00EE315D /* AppDelegate.swift */ = {isa = PBXFileReference; lastKnownFileType = sourcecode.swift; path = AppDelegate.swift; sourceTree = "<group>"; };
		DB18B71E295CBBEF00EE315D /* SceneDelegate.swift */ = {isa = PBXFileReference; lastKnownFileType = sourcecode.swift; path = SceneDelegate.swift; sourceTree = "<group>"; };
		DB18B725295CBBF000EE315D /* Assets.xcassets */ = {isa = PBXFileReference; lastKnownFileType = folder.assetcatalog; path = Assets.xcassets; sourceTree = "<group>"; };
		DB18B728295CBBF000EE315D /* Base */ = {isa = PBXFileReference; lastKnownFileType = file.storyboard; name = Base; path = Base.lproj/LaunchScreen.storyboard; sourceTree = "<group>"; };
		DB18B72A295CBBF000EE315D /* Info.plist */ = {isa = PBXFileReference; lastKnownFileType = text.plist.xml; path = Info.plist; sourceTree = "<group>"; };
		DB18B72F295CBBF100EE315D /* RMShowcaseTests.xctest */ = {isa = PBXFileReference; explicitFileType = wrapper.cfbundle; includeInIndex = 0; path = RMShowcaseTests.xctest; sourceTree = BUILT_PRODUCTS_DIR; };
		DB18B733295CBBF100EE315D /* MainCoordinatorTests.swift */ = {isa = PBXFileReference; lastKnownFileType = sourcecode.swift; path = MainCoordinatorTests.swift; sourceTree = "<group>"; };
		DB18B74C295CBCFE00EE315D /* Coordinator.swift */ = {isa = PBXFileReference; lastKnownFileType = sourcecode.swift; path = Coordinator.swift; sourceTree = "<group>"; };
		DB18B74E295CBD6C00EE315D /* CharactersListView.swift */ = {isa = PBXFileReference; lastKnownFileType = sourcecode.swift; path = CharactersListView.swift; sourceTree = "<group>"; };
		DB18B752295CCE5600EE315D /* NetworkService.swift */ = {isa = PBXFileReference; lastKnownFileType = sourcecode.swift; path = NetworkService.swift; sourceTree = "<group>"; };
		DB18B755295CCE8000EE315D /* NetworkProvider.swift */ = {isa = PBXFileReference; lastKnownFileType = sourcecode.swift; path = NetworkProvider.swift; sourceTree = "<group>"; };
		DB18B757295CCFCA00EE315D /* CharactersResponse.swift */ = {isa = PBXFileReference; lastKnownFileType = sourcecode.swift; path = CharactersResponse.swift; sourceTree = "<group>"; };
		DB18B75C295CD07E00EE315D /* InfoResponse.swift */ = {isa = PBXFileReference; lastKnownFileType = sourcecode.swift; path = InfoResponse.swift; sourceTree = "<group>"; };
		DB18B75E295CD08900EE315D /* CharacterResponse.swift */ = {isa = PBXFileReference; lastKnownFileType = sourcecode.swift; path = CharacterResponse.swift; sourceTree = "<group>"; };
		DB18B760295CD3F500EE315D /* Request.swift */ = {isa = PBXFileReference; lastKnownFileType = sourcecode.swift; path = Request.swift; sourceTree = "<group>"; };
		DB18B762295CD41600EE315D /* Endpoint.swift */ = {isa = PBXFileReference; lastKnownFileType = sourcecode.swift; path = Endpoint.swift; sourceTree = "<group>"; };
		DB18B764295CD43800EE315D /* Constants.swift */ = {isa = PBXFileReference; lastKnownFileType = sourcecode.swift; path = Constants.swift; sourceTree = "<group>"; };
		DB7E5F1E295DBC1C00309A2C /* CharactersLoader.swift */ = {isa = PBXFileReference; lastKnownFileType = sourcecode.swift; path = CharactersLoader.swift; sourceTree = "<group>"; };
		DB87BDD02960525F00D8103A /* Character.swift */ = {isa = PBXFileReference; lastKnownFileType = sourcecode.swift; path = Character.swift; sourceTree = "<group>"; };
		DB87BDD2296088F800D8103A /* AlertMessageInfo.swift */ = {isa = PBXFileReference; lastKnownFileType = sourcecode.swift; path = AlertMessageInfo.swift; sourceTree = "<group>"; };
		DB87BDD52960893B00D8103A /* AlertViewModifier.swift */ = {isa = PBXFileReference; lastKnownFileType = sourcecode.swift; path = AlertViewModifier.swift; sourceTree = "<group>"; };
		DB87BDD72960967F00D8103A /* ResponseErrorHelperTests.swift */ = {isa = PBXFileReference; lastKnownFileType = sourcecode.swift; path = ResponseErrorHelperTests.swift; sourceTree = "<group>"; };
		DB87BDD92960986D00D8103A /* ErrorInfoResponse.swift */ = {isa = PBXFileReference; lastKnownFileType = sourcecode.swift; path = ErrorInfoResponse.swift; sourceTree = "<group>"; };
		DB87BDDC29609BAC00D8103A /* CharactersQueryResponse.swift */ = {isa = PBXFileReference; lastKnownFileType = sourcecode.swift; path = CharactersQueryResponse.swift; sourceTree = "<group>"; };
		DB87BDDE29609C0100D8103A /* QueryDataResponse.swift */ = {isa = PBXFileReference; lastKnownFileType = sourcecode.swift; path = QueryDataResponse.swift; sourceTree = "<group>"; };
		DB87BDE22960A2FE00D8103A /* QueryRequest.swift */ = {isa = PBXFileReference; lastKnownFileType = sourcecode.swift; path = QueryRequest.swift; sourceTree = "<group>"; };
		DB87BDE52960A4CD00D8103A /* GraphQLRequest.swift */ = {isa = PBXFileReference; lastKnownFileType = sourcecode.swift; path = GraphQLRequest.swift; sourceTree = "<group>"; };
		DB87BDE72960B53A00D8103A /* EndpointTests.swift */ = {isa = PBXFileReference; lastKnownFileType = sourcecode.swift; path = EndpointTests.swift; sourceTree = "<group>"; };
		DB87BDEC2960B8F900D8103A /* ContentLoadingView.swift */ = {isa = PBXFileReference; lastKnownFileType = sourcecode.swift; path = ContentLoadingView.swift; sourceTree = "<group>"; };
		DB87BDEF2960B96200D8103A /* ListProgressView.swift */ = {isa = PBXFileReference; lastKnownFileType = sourcecode.swift; path = ListProgressView.swift; sourceTree = "<group>"; };
		DB87BDF12960B98800D8103A /* NoContentInfoView.swift */ = {isa = PBXFileReference; lastKnownFileType = sourcecode.swift; path = NoContentInfoView.swift; sourceTree = "<group>"; };
		DB87BDF32960BB4500D8103A /* ContentLoadableView.swift */ = {isa = PBXFileReference; lastKnownFileType = sourcecode.swift; path = ContentLoadableView.swift; sourceTree = "<group>"; };
		DB87BDF82960C66D00D8103A /* NavigationControllerMaker.swift */ = {isa = PBXFileReference; lastKnownFileType = sourcecode.swift; path = NavigationControllerMaker.swift; sourceTree = "<group>"; };
/* End PBXFileReference section */

/* Begin PBXFrameworksBuildPhase section */
		DB18B716295CBBEF00EE315D /* Frameworks */ = {
			isa = PBXFrameworksBuildPhase;
			buildActionMask = 2147483647;
			files = (
			);
			runOnlyForDeploymentPostprocessing = 0;
		};
		DB18B72C295CBBF100EE315D /* Frameworks */ = {
			isa = PBXFrameworksBuildPhase;
			buildActionMask = 2147483647;
			files = (
			);
			runOnlyForDeploymentPostprocessing = 0;
		};
/* End PBXFrameworksBuildPhase section */

/* Begin PBXGroup section */
		DB175CB7295E075800A5539B /* Localization */ = {
			isa = PBXGroup;
			children = (
				DB175CB3295E01A600A5539B /* LocalizedStrings.swift */,
				DB175CB5295E073100A5539B /* Localizable.strings */,
			);
			path = Localization;
			sourceTree = "<group>";
		};
		DB175CBA295E219600A5539B /* ViewModels */ = {
			isa = PBXGroup;
			children = (
				DB175CB8295E219200A5539B /* CharactersViewModel.swift */,
			);
			path = ViewModels;
			sourceTree = "<group>";
		};
		DB175CBD295E22D300A5539B /* Cells */ = {
			isa = PBXGroup;
			children = (
				DB175CBB295E22C700A5539B /* CharacterCell.swift */,
			);
			path = Cells;
			sourceTree = "<group>";
		};
		DB18B710295CBBEF00EE315D = {
			isa = PBXGroup;
			children = (
				DB18B71B295CBBEF00EE315D /* RMShowcase */,
				DB18B732295CBBF100EE315D /* RMShowcaseTests */,
				DB18B71A295CBBEF00EE315D /* Products */,
			);
			sourceTree = "<group>";
		};
		DB18B71A295CBBEF00EE315D /* Products */ = {
			isa = PBXGroup;
			children = (
				DB18B719295CBBEF00EE315D /* RMShowcase.app */,
				DB18B72F295CBBF100EE315D /* RMShowcaseTests.xctest */,
			);
			name = Products;
			sourceTree = "<group>";
		};
		DB18B71B295CBBEF00EE315D /* RMShowcase */ = {
			isa = PBXGroup;
			children = (
				DB18B71C295CBBEF00EE315D /* AppDelegate.swift */,
				DB18B71E295CBBEF00EE315D /* SceneDelegate.swift */,
				DB18B725295CBBF000EE315D /* Assets.xcassets */,
				DB18B727295CBBF000EE315D /* LaunchScreen.storyboard */,
				DB18B72A295CBBF000EE315D /* Info.plist */,
				DB18B759295CCFD400EE315D /* Models */,
				DB18B751295CBF9600EE315D /* Views */,
				DB175CBA295E219600A5539B /* ViewModels */,
				DB18B754295CCE5C00EE315D /* NetworkService */,
				DB18B750295CBF7100EE315D /* Coordinator */,
				DB7E5F1B295DA12D00309A2C /* Helpers */,
				DB87BDF52960BB6A00D8103A /* Protocols */,
				DB18B766295CD43B00EE315D /* Resources */,
			);
			path = RMShowcase;
			sourceTree = "<group>";
		};
		DB18B732295CBBF100EE315D /* RMShowcaseTests */ = {
			isa = PBXGroup;
			children = (
				DB87BDE72960B53A00D8103A /* EndpointTests.swift */,
				DB87BDD72960967F00D8103A /* ResponseErrorHelperTests.swift */,
				DB18B733295CBBF100EE315D /* MainCoordinatorTests.swift */,
			);
			path = RMShowcaseTests;
			sourceTree = "<group>";
		};
		DB18B750295CBF7100EE315D /* Coordinator */ = {
			isa = PBXGroup;
			children = (
				DB18B74C295CBCFE00EE315D /* Coordinator.swift */,
			);
			path = Coordinator;
			sourceTree = "<group>";
		};
		DB18B751295CBF9600EE315D /* Views */ = {
			isa = PBXGroup;
			children = (
				DB87BDEB2960B8EA00D8103A /* ViewModifiers */,
				DB87BDEE2960B90100D8103A /* Components */,
				DB175CBD295E22D300A5539B /* Cells */,
				DB18B74E295CBD6C00EE315D /* CharactersListView.swift */,
			);
			path = Views;
			sourceTree = "<group>";
		};
		DB18B754295CCE5C00EE315D /* NetworkService */ = {
			isa = PBXGroup;
			children = (
				DB175CAF295DFDA600A5539B /* NetworkCache.swift */,
				DB18B755295CCE8000EE315D /* NetworkProvider.swift */,
				DB18B752295CCE5600EE315D /* NetworkService.swift */,
				DB87BDE52960A4CD00D8103A /* GraphQLRequest.swift */,
				DB18B760295CD3F500EE315D /* Request.swift */,
				DB18B762295CD41600EE315D /* Endpoint.swift */,
			);
			path = NetworkService;
			sourceTree = "<group>";
		};
		DB18B759295CCFD400EE315D /* Models */ = {
			isa = PBXGroup;
			children = (
				DB87BDD02960525F00D8103A /* Character.swift */,
				DB87BDD4296088FC00D8103A /* Identifiables */,
				DB18B75A295CCFEB00EE315D /* Network */,
			);
			path = Models;
			sourceTree = "<group>";
		};
		DB18B75A295CCFEB00EE315D /* Network */ = {
			isa = PBXGroup;
			children = (
				DB87BDE42960A30200D8103A /* Requests */,
				DB18B75B295CCFFD00EE315D /* Responses */,
			);
			path = Network;
			sourceTree = "<group>";
		};
		DB18B75B295CCFFD00EE315D /* Responses */ = {
			isa = PBXGroup;
			children = (
				DB18B75C295CD07E00EE315D /* InfoResponse.swift */,
				DB87BDDB2960988E00D8103A /* Errors */,
				DB87BDE029609C3900D8103A /* Characters */,
				DB87BDE129609D1000D8103A /* GraphQLQueries */,
			);
			path = Responses;
			sourceTree = "<group>";
		};
		DB18B766295CD43B00EE315D /* Resources */ = {
			isa = PBXGroup;
			children = (
				DB175CB7295E075800A5539B /* Localization */,
				DB18B764295CD43800EE315D /* Constants.swift */,
			);
			path = Resources;
			sourceTree = "<group>";
		};
		DB7E5F1B295DA12D00309A2C /* Helpers */ = {
			isa = PBXGroup;
			children = (
				DB7E5F1E295DBC1C00309A2C /* CharactersLoader.swift */,
				DB175CB1295DFFBB00A5539B /* ResponseErrorHelper.swift */,
				DB87BDF82960C66D00D8103A /* NavigationControllerMaker.swift */,
			);
			path = Helpers;
			sourceTree = "<group>";
		};
		DB87BDD4296088FC00D8103A /* Identifiables */ = {
			isa = PBXGroup;
			children = (
				DB87BDD2296088F800D8103A /* AlertMessageInfo.swift */,
			);
			path = Identifiables;
			sourceTree = "<group>";
		};
		DB87BDDB2960988E00D8103A /* Errors */ = {
			isa = PBXGroup;
			children = (
				DB175CAD295DFC2E00A5539B /* ErrorResponse.swift */,
				DB87BDD92960986D00D8103A /* ErrorInfoResponse.swift */,
			);
			path = Errors;
			sourceTree = "<group>";
		};
		DB87BDE029609C3900D8103A /* Characters */ = {
			isa = PBXGroup;
			children = (
				DB18B75E295CD08900EE315D /* CharacterResponse.swift */,
				DB18B757295CCFCA00EE315D /* CharactersResponse.swift */,
			);
			path = Characters;
			sourceTree = "<group>";
		};
		DB87BDE129609D1000D8103A /* GraphQLQueries */ = {
			isa = PBXGroup;
			children = (
				DB87BDDE29609C0100D8103A /* QueryDataResponse.swift */,
				DB87BDDC29609BAC00D8103A /* CharactersQueryResponse.swift */,
			);
			path = GraphQLQueries;
			sourceTree = "<group>";
		};
		DB87BDE42960A30200D8103A /* Requests */ = {
			isa = PBXGroup;
			children = (
				DB87BDE22960A2FE00D8103A /* QueryRequest.swift */,
			);
			path = Requests;
			sourceTree = "<group>";
		};
		DB87BDEB2960B8EA00D8103A /* ViewModifiers */ = {
			isa = PBXGroup;
			children = (
				DB87BDD52960893B00D8103A /* AlertViewModifier.swift */,
			);
			path = ViewModifiers;
			sourceTree = "<group>";
		};
		DB87BDEE2960B90100D8103A /* Components */ = {
			isa = PBXGroup;
			children = (
				DB87BDEC2960B8F900D8103A /* ContentLoadingView.swift */,
				DB87BDEF2960B96200D8103A /* ListProgressView.swift */,
				DB87BDF12960B98800D8103A /* NoContentInfoView.swift */,
			);
			path = Components;
			sourceTree = "<group>";
		};
		DB87BDF52960BB6A00D8103A /* Protocols */ = {
			isa = PBXGroup;
			children = (
				DB87BDF32960BB4500D8103A /* ContentLoadableView.swift */,
			);
			path = Protocols;
			sourceTree = "<group>";
		};
/* End PBXGroup section */

/* Begin PBXNativeTarget section */
		DB18B718295CBBEF00EE315D /* RMShowcase */ = {
			isa = PBXNativeTarget;
			buildConfigurationList = DB18B743295CBBF100EE315D /* Build configuration list for PBXNativeTarget "RMShowcase" */;
			buildPhases = (
				DB18B715295CBBEF00EE315D /* Sources */,
				DB18B716295CBBEF00EE315D /* Frameworks */,
				DB18B717295CBBEF00EE315D /* Resources */,
			);
			buildRules = (
			);
			dependencies = (
			);
			name = RMShowcase;
			productName = RMShowcase;
			productReference = DB18B719295CBBEF00EE315D /* RMShowcase.app */;
			productType = "com.apple.product-type.application";
		};
		DB18B72E295CBBF100EE315D /* RMShowcaseTests */ = {
			isa = PBXNativeTarget;
			buildConfigurationList = DB18B746295CBBF100EE315D /* Build configuration list for PBXNativeTarget "RMShowcaseTests" */;
			buildPhases = (
				DB18B72B295CBBF100EE315D /* Sources */,
				DB18B72C295CBBF100EE315D /* Frameworks */,
				DB18B72D295CBBF100EE315D /* Resources */,
			);
			buildRules = (
			);
			dependencies = (
				DB18B731295CBBF100EE315D /* PBXTargetDependency */,
			);
			name = RMShowcaseTests;
			productName = RMShowcaseTests;
			productReference = DB18B72F295CBBF100EE315D /* RMShowcaseTests.xctest */;
			productType = "com.apple.product-type.bundle.unit-test";
		};
/* End PBXNativeTarget section */

/* Begin PBXProject section */
		DB18B711295CBBEF00EE315D /* Project object */ = {
			isa = PBXProject;
			attributes = {
				BuildIndependentTargetsInParallel = 1;
				LastSwiftUpdateCheck = 1420;
				LastUpgradeCheck = 1420;
				TargetAttributes = {
					DB18B718295CBBEF00EE315D = {
						CreatedOnToolsVersion = 14.2;
					};
					DB18B72E295CBBF100EE315D = {
						CreatedOnToolsVersion = 14.2;
						TestTargetID = DB18B718295CBBEF00EE315D;
					};
				};
			};
			buildConfigurationList = DB18B714295CBBEF00EE315D /* Build configuration list for PBXProject "RMShowcase" */;
			compatibilityVersion = "Xcode 14.0";
			developmentRegion = en;
			hasScannedForEncodings = 0;
			knownRegions = (
				en,
				Base,
			);
			mainGroup = DB18B710295CBBEF00EE315D;
			productRefGroup = DB18B71A295CBBEF00EE315D /* Products */;
			projectDirPath = "";
			projectRoot = "";
			targets = (
				DB18B718295CBBEF00EE315D /* RMShowcase */,
				DB18B72E295CBBF100EE315D /* RMShowcaseTests */,
			);
		};
/* End PBXProject section */

/* Begin PBXResourcesBuildPhase section */
		DB18B717295CBBEF00EE315D /* Resources */ = {
			isa = PBXResourcesBuildPhase;
			buildActionMask = 2147483647;
			files = (
				DB18B729295CBBF000EE315D /* LaunchScreen.storyboard in Resources */,
				DB175CB6295E073100A5539B /* Localizable.strings in Resources */,
				DB18B726295CBBF000EE315D /* Assets.xcassets in Resources */,
			);
			runOnlyForDeploymentPostprocessing = 0;
		};
		DB18B72D295CBBF100EE315D /* Resources */ = {
			isa = PBXResourcesBuildPhase;
			buildActionMask = 2147483647;
			files = (
			);
			runOnlyForDeploymentPostprocessing = 0;
		};
/* End PBXResourcesBuildPhase section */

/* Begin PBXSourcesBuildPhase section */
		DB18B715295CBBEF00EE315D /* Sources */ = {
			isa = PBXSourcesBuildPhase;
			buildActionMask = 2147483647;
			files = (
				DB87BDE32960A2FE00D8103A /* QueryRequest.swift in Sources */,
				DB175CAE295DFC2E00A5539B /* ErrorResponse.swift in Sources */,
				DB18B75D295CD07E00EE315D /* InfoResponse.swift in Sources */,
				DB87BDED2960B8F900D8103A /* ContentLoadingView.swift in Sources */,
				DB18B753295CCE5600EE315D /* NetworkService.swift in Sources */,
				DB87BDF22960B98800D8103A /* NoContentInfoView.swift in Sources */,
				DB87BDD62960893B00D8103A /* AlertViewModifier.swift in Sources */,
				DB7E5F1F295DBC1C00309A2C /* CharactersLoader.swift in Sources */,
				DB87BDDD29609BAC00D8103A /* CharactersQueryResponse.swift in Sources */,
				DB18B74D295CBCFE00EE315D /* Coordinator.swift in Sources */,
				DB18B71D295CBBEF00EE315D /* AppDelegate.swift in Sources */,
				DB87BDDF29609C0100D8103A /* QueryDataResponse.swift in Sources */,
				DB18B74F295CBD6C00EE315D /* CharactersListView.swift in Sources */,
				DB18B71F295CBBEF00EE315D /* SceneDelegate.swift in Sources */,
				DB87BDD12960525F00D8103A /* Character.swift in Sources */,
				DB175CB9295E219200A5539B /* CharactersViewModel.swift in Sources */,
				DB18B75F295CD08900EE315D /* CharacterResponse.swift in Sources */,
				DB18B761295CD3F500EE315D /* Request.swift in Sources */,
				DB175CB0295DFDA600A5539B /* NetworkCache.swift in Sources */,
				DB18B758295CCFCA00EE315D /* CharactersResponse.swift in Sources */,
				DB175CB2295DFFBB00A5539B /* ResponseErrorHelper.swift in Sources */,
				DB87BDF02960B96200D8103A /* ListProgressView.swift in Sources */,
				DB87BDF42960BB4500D8103A /* ContentLoadableView.swift in Sources */,
				DB87BDDA2960986D00D8103A /* ErrorInfoResponse.swift in Sources */,
				DB175CBC295E22C700A5539B /* CharacterCell.swift in Sources */,
				DB18B763295CD41600EE315D /* Endpoint.swift in Sources */,
				DB87BDD3296088F800D8103A /* AlertMessageInfo.swift in Sources */,
				DB18B756295CCE8000EE315D /* NetworkProvider.swift in Sources */,
				DB175CB4295E01A600A5539B /* LocalizedStrings.swift in Sources */,
				DB87BDE62960A4CD00D8103A /* GraphQLRequest.swift in Sources */,
				DB87BDF92960C66D00D8103A /* NavigationControllerMaker.swift in Sources */,
				DB18B765295CD43800EE315D /* Constants.swift in Sources */,
			);
			runOnlyForDeploymentPostprocessing = 0;
		};
		DB18B72B295CBBF100EE315D /* Sources */ = {
			isa = PBXSourcesBuildPhase;
			buildActionMask = 2147483647;
			files = (
				DB18B734295CBBF100EE315D /* MainCoordinatorTests.swift in Sources */,
				DB87BDE82960B53A00D8103A /* EndpointTests.swift in Sources */,
				DB87BDD82960967F00D8103A /* ResponseErrorHelperTests.swift in Sources */,
			);
			runOnlyForDeploymentPostprocessing = 0;
		};
/* End PBXSourcesBuildPhase section */

/* Begin PBXTargetDependency section */
		DB18B731295CBBF100EE315D /* PBXTargetDependency */ = {
			isa = PBXTargetDependency;
			target = DB18B718295CBBEF00EE315D /* RMShowcase */;
			targetProxy = DB18B730295CBBF100EE315D /* PBXContainerItemProxy */;
		};
/* End PBXTargetDependency section */

/* Begin PBXVariantGroup section */
		DB18B727295CBBF000EE315D /* LaunchScreen.storyboard */ = {
			isa = PBXVariantGroup;
			children = (
				DB18B728295CBBF000EE315D /* Base */,
			);
			name = LaunchScreen.storyboard;
			sourceTree = "<group>";
		};
/* End PBXVariantGroup section */

/* Begin XCBuildConfiguration section */
		DB18B741295CBBF100EE315D /* Debug */ = {
			isa = XCBuildConfiguration;
			buildSettings = {
				ALWAYS_SEARCH_USER_PATHS = NO;
				CLANG_ANALYZER_NONNULL = YES;
				CLANG_ANALYZER_NUMBER_OBJECT_CONVERSION = YES_AGGRESSIVE;
				CLANG_CXX_LANGUAGE_STANDARD = "gnu++20";
				CLANG_ENABLE_MODULES = YES;
				CLANG_ENABLE_OBJC_ARC = YES;
				CLANG_ENABLE_OBJC_WEAK = YES;
				CLANG_WARN_BLOCK_CAPTURE_AUTORELEASING = YES;
				CLANG_WARN_BOOL_CONVERSION = YES;
				CLANG_WARN_COMMA = YES;
				CLANG_WARN_CONSTANT_CONVERSION = YES;
				CLANG_WARN_DEPRECATED_OBJC_IMPLEMENTATIONS = YES;
				CLANG_WARN_DIRECT_OBJC_ISA_USAGE = YES_ERROR;
				CLANG_WARN_DOCUMENTATION_COMMENTS = YES;
				CLANG_WARN_EMPTY_BODY = YES;
				CLANG_WARN_ENUM_CONVERSION = YES;
				CLANG_WARN_INFINITE_RECURSION = YES;
				CLANG_WARN_INT_CONVERSION = YES;
				CLANG_WARN_NON_LITERAL_NULL_CONVERSION = YES;
				CLANG_WARN_OBJC_IMPLICIT_RETAIN_SELF = YES;
				CLANG_WARN_OBJC_LITERAL_CONVERSION = YES;
				CLANG_WARN_OBJC_ROOT_CLASS = YES_ERROR;
				CLANG_WARN_QUOTED_INCLUDE_IN_FRAMEWORK_HEADER = YES;
				CLANG_WARN_RANGE_LOOP_ANALYSIS = YES;
				CLANG_WARN_STRICT_PROTOTYPES = YES;
				CLANG_WARN_SUSPICIOUS_MOVE = YES;
				CLANG_WARN_UNGUARDED_AVAILABILITY = YES_AGGRESSIVE;
				CLANG_WARN_UNREACHABLE_CODE = YES;
				CLANG_WARN__DUPLICATE_METHOD_MATCH = YES;
				COPY_PHASE_STRIP = NO;
				DEBUG_INFORMATION_FORMAT = dwarf;
				ENABLE_STRICT_OBJC_MSGSEND = YES;
				ENABLE_TESTABILITY = YES;
				GCC_C_LANGUAGE_STANDARD = gnu11;
				GCC_DYNAMIC_NO_PIC = NO;
				GCC_NO_COMMON_BLOCKS = YES;
				GCC_OPTIMIZATION_LEVEL = 0;
				GCC_PREPROCESSOR_DEFINITIONS = (
					"DEBUG=1",
					"$(inherited)",
				);
				GCC_WARN_64_TO_32_BIT_CONVERSION = YES;
				GCC_WARN_ABOUT_RETURN_TYPE = YES_ERROR;
				GCC_WARN_UNDECLARED_SELECTOR = YES;
				GCC_WARN_UNINITIALIZED_AUTOS = YES_AGGRESSIVE;
				GCC_WARN_UNUSED_FUNCTION = YES;
				GCC_WARN_UNUSED_VARIABLE = YES;
				IPHONEOS_DEPLOYMENT_TARGET = 16.2;
				MTL_ENABLE_DEBUG_INFO = INCLUDE_SOURCE;
				MTL_FAST_MATH = YES;
				ONLY_ACTIVE_ARCH = YES;
				SDKROOT = iphoneos;
				SWIFT_ACTIVE_COMPILATION_CONDITIONS = DEBUG;
				SWIFT_OPTIMIZATION_LEVEL = "-Onone";
			};
			name = Debug;
		};
		DB18B742295CBBF100EE315D /* Release */ = {
			isa = XCBuildConfiguration;
			buildSettings = {
				ALWAYS_SEARCH_USER_PATHS = NO;
				CLANG_ANALYZER_NONNULL = YES;
				CLANG_ANALYZER_NUMBER_OBJECT_CONVERSION = YES_AGGRESSIVE;
				CLANG_CXX_LANGUAGE_STANDARD = "gnu++20";
				CLANG_ENABLE_MODULES = YES;
				CLANG_ENABLE_OBJC_ARC = YES;
				CLANG_ENABLE_OBJC_WEAK = YES;
				CLANG_WARN_BLOCK_CAPTURE_AUTORELEASING = YES;
				CLANG_WARN_BOOL_CONVERSION = YES;
				CLANG_WARN_COMMA = YES;
				CLANG_WARN_CONSTANT_CONVERSION = YES;
				CLANG_WARN_DEPRECATED_OBJC_IMPLEMENTATIONS = YES;
				CLANG_WARN_DIRECT_OBJC_ISA_USAGE = YES_ERROR;
				CLANG_WARN_DOCUMENTATION_COMMENTS = YES;
				CLANG_WARN_EMPTY_BODY = YES;
				CLANG_WARN_ENUM_CONVERSION = YES;
				CLANG_WARN_INFINITE_RECURSION = YES;
				CLANG_WARN_INT_CONVERSION = YES;
				CLANG_WARN_NON_LITERAL_NULL_CONVERSION = YES;
				CLANG_WARN_OBJC_IMPLICIT_RETAIN_SELF = YES;
				CLANG_WARN_OBJC_LITERAL_CONVERSION = YES;
				CLANG_WARN_OBJC_ROOT_CLASS = YES_ERROR;
				CLANG_WARN_QUOTED_INCLUDE_IN_FRAMEWORK_HEADER = YES;
				CLANG_WARN_RANGE_LOOP_ANALYSIS = YES;
				CLANG_WARN_STRICT_PROTOTYPES = YES;
				CLANG_WARN_SUSPICIOUS_MOVE = YES;
				CLANG_WARN_UNGUARDED_AVAILABILITY = YES_AGGRESSIVE;
				CLANG_WARN_UNREACHABLE_CODE = YES;
				CLANG_WARN__DUPLICATE_METHOD_MATCH = YES;
				COPY_PHASE_STRIP = NO;
				DEBUG_INFORMATION_FORMAT = "dwarf-with-dsym";
				ENABLE_NS_ASSERTIONS = NO;
				ENABLE_STRICT_OBJC_MSGSEND = YES;
				GCC_C_LANGUAGE_STANDARD = gnu11;
				GCC_NO_COMMON_BLOCKS = YES;
				GCC_WARN_64_TO_32_BIT_CONVERSION = YES;
				GCC_WARN_ABOUT_RETURN_TYPE = YES_ERROR;
				GCC_WARN_UNDECLARED_SELECTOR = YES;
				GCC_WARN_UNINITIALIZED_AUTOS = YES_AGGRESSIVE;
				GCC_WARN_UNUSED_FUNCTION = YES;
				GCC_WARN_UNUSED_VARIABLE = YES;
				IPHONEOS_DEPLOYMENT_TARGET = 16.2;
				MTL_ENABLE_DEBUG_INFO = NO;
				MTL_FAST_MATH = YES;
				SDKROOT = iphoneos;
				SWIFT_COMPILATION_MODE = wholemodule;
				SWIFT_OPTIMIZATION_LEVEL = "-O";
				VALIDATE_PRODUCT = YES;
			};
			name = Release;
		};
		DB18B744295CBBF100EE315D /* Debug */ = {
			isa = XCBuildConfiguration;
			buildSettings = {
				ASSETCATALOG_COMPILER_APPICON_NAME = AppIcon;
				ASSETCATALOG_COMPILER_GLOBAL_ACCENT_COLOR_NAME = AccentColor;
				CODE_SIGN_STYLE = Automatic;
				CURRENT_PROJECT_VERSION = 1;
				DEVELOPMENT_TEAM = 65YBY3NSP3;
				GENERATE_INFOPLIST_FILE = YES;
				INFOPLIST_FILE = RMShowcase/Info.plist;
				INFOPLIST_KEY_UIApplicationSupportsIndirectInputEvents = YES;
				INFOPLIST_KEY_UILaunchStoryboardName = LaunchScreen;
				INFOPLIST_KEY_UIMainStoryboardFile = "";
				INFOPLIST_KEY_UISupportedInterfaceOrientations = UIInterfaceOrientationPortrait;
				INFOPLIST_KEY_UISupportedInterfaceOrientations_iPad = "UIInterfaceOrientationLandscapeLeft UIInterfaceOrientationLandscapeRight UIInterfaceOrientationPortrait UIInterfaceOrientationPortraitUpsideDown";
				LD_RUNPATH_SEARCH_PATHS = (
					"$(inherited)",
					"@executable_path/Frameworks",
				);
				MARKETING_VERSION = 1.0.0;
				PRODUCT_BUNDLE_IDENTIFIER = com.hoowie.RMShowcase;
				PRODUCT_NAME = "$(TARGET_NAME)";
				SWIFT_EMIT_LOC_STRINGS = YES;
				SWIFT_VERSION = 5.0;
				TARGETED_DEVICE_FAMILY = "1,2";
			};
			name = Debug;
		};
		DB18B745295CBBF100EE315D /* Release */ = {
			isa = XCBuildConfiguration;
			buildSettings = {
				ASSETCATALOG_COMPILER_APPICON_NAME = AppIcon;
				ASSETCATALOG_COMPILER_GLOBAL_ACCENT_COLOR_NAME = AccentColor;
				CODE_SIGN_STYLE = Automatic;
				CURRENT_PROJECT_VERSION = 1;
				DEVELOPMENT_TEAM = 65YBY3NSP3;
				GENERATE_INFOPLIST_FILE = YES;
				INFOPLIST_FILE = RMShowcase/Info.plist;
				INFOPLIST_KEY_UIApplicationSupportsIndirectInputEvents = YES;
				INFOPLIST_KEY_UILaunchStoryboardName = LaunchScreen;
				INFOPLIST_KEY_UIMainStoryboardFile = "";
				INFOPLIST_KEY_UISupportedInterfaceOrientations = UIInterfaceOrientationPortrait;
				INFOPLIST_KEY_UISupportedInterfaceOrientations_iPad = "UIInterfaceOrientationLandscapeLeft UIInterfaceOrientationLandscapeRight UIInterfaceOrientationPortrait UIInterfaceOrientationPortraitUpsideDown";
				LD_RUNPATH_SEARCH_PATHS = (
					"$(inherited)",
					"@executable_path/Frameworks",
				);
				MARKETING_VERSION = 1.0.0;
				PRODUCT_BUNDLE_IDENTIFIER = com.hoowie.RMShowcase;
				PRODUCT_NAME = "$(TARGET_NAME)";
				SWIFT_EMIT_LOC_STRINGS = YES;
				SWIFT_VERSION = 5.0;
				TARGETED_DEVICE_FAMILY = "1,2";
			};
			name = Release;
		};
		DB18B747295CBBF100EE315D /* Debug */ = {
			isa = XCBuildConfiguration;
			buildSettings = {
				ALWAYS_EMBED_SWIFT_STANDARD_LIBRARIES = YES;
				BUNDLE_LOADER = "$(TEST_HOST)";
				CODE_SIGN_STYLE = Automatic;
				CURRENT_PROJECT_VERSION = 1;
				DEVELOPMENT_TEAM = 65YBY3NSP3;
				GENERATE_INFOPLIST_FILE = YES;
				IPHONEOS_DEPLOYMENT_TARGET = 16.2;
				MARKETING_VERSION = 1.0;
				PRODUCT_BUNDLE_IDENTIFIER = com.hoowie.RMShowcaseTests;
				PRODUCT_NAME = "$(TARGET_NAME)";
				SWIFT_EMIT_LOC_STRINGS = NO;
				SWIFT_VERSION = 5.0;
				TARGETED_DEVICE_FAMILY = "1,2";
				TEST_HOST = "$(BUILT_PRODUCTS_DIR)/RMShowcase.app/$(BUNDLE_EXECUTABLE_FOLDER_PATH)/RMShowcase";
			};
			name = Debug;
		};
		DB18B748295CBBF100EE315D /* Release */ = {
			isa = XCBuildConfiguration;
			buildSettings = {
				ALWAYS_EMBED_SWIFT_STANDARD_LIBRARIES = YES;
				BUNDLE_LOADER = "$(TEST_HOST)";
				CODE_SIGN_STYLE = Automatic;
				CURRENT_PROJECT_VERSION = 1;
				DEVELOPMENT_TEAM = 65YBY3NSP3;
				GENERATE_INFOPLIST_FILE = YES;
				IPHONEOS_DEPLOYMENT_TARGET = 16.2;
				MARKETING_VERSION = 1.0;
				PRODUCT_BUNDLE_IDENTIFIER = com.hoowie.RMShowcaseTests;
				PRODUCT_NAME = "$(TARGET_NAME)";
				SWIFT_EMIT_LOC_STRINGS = NO;
				SWIFT_VERSION = 5.0;
				TARGETED_DEVICE_FAMILY = "1,2";
				TEST_HOST = "$(BUILT_PRODUCTS_DIR)/RMShowcase.app/$(BUNDLE_EXECUTABLE_FOLDER_PATH)/RMShowcase";
			};
			name = Release;
		};
/* End XCBuildConfiguration section */

/* Begin XCConfigurationList section */
		DB18B714295CBBEF00EE315D /* Build configuration list for PBXProject "RMShowcase" */ = {
			isa = XCConfigurationList;
			buildConfigurations = (
				DB18B741295CBBF100EE315D /* Debug */,
				DB18B742295CBBF100EE315D /* Release */,
			);
			defaultConfigurationIsVisible = 0;
			defaultConfigurationName = Release;
		};
		DB18B743295CBBF100EE315D /* Build configuration list for PBXNativeTarget "RMShowcase" */ = {
			isa = XCConfigurationList;
			buildConfigurations = (
				DB18B744295CBBF100EE315D /* Debug */,
				DB18B745295CBBF100EE315D /* Release */,
			);
			defaultConfigurationIsVisible = 0;
			defaultConfigurationName = Release;
		};
		DB18B746295CBBF100EE315D /* Build configuration list for PBXNativeTarget "RMShowcaseTests" */ = {
			isa = XCConfigurationList;
			buildConfigurations = (
				DB18B747295CBBF100EE315D /* Debug */,
				DB18B748295CBBF100EE315D /* Release */,
			);
			defaultConfigurationIsVisible = 0;
			defaultConfigurationName = Release;
		};
/* End XCConfigurationList section */
	};
	rootObject = DB18B711295CBBEF00EE315D /* Project object */;
}
